// !$*UTF8*$!
{
	archiveVersion = 1;
	classes = {
	};
	objectVersion = 46;
	objects = {

/* Begin PBXBuildFile section */
		E740FA481C9E29FF00A605B7 /* Thirdviewcontroller.m in Sources */ = {isa = PBXBuildFile; fileRef = E740FA471C9E29FF00A605B7 /* Thirdviewcontroller.m */; };
		E75847061C9E2254004B5704 /* MapKit.framework in Frameworks */ = {isa = PBXBuildFile; fileRef = E75847051C9E2254004B5704 /* MapKit.framework */; };
		E765674C1C9E1B6F00898CD7 /* NEWViewController.m in Sources */ = {isa = PBXBuildFile; fileRef = E765674B1C9E1B6F00898CD7 /* NEWViewController.m */; };
		E7F669351C9E1A3900A3C84D /* main.m in Sources */ = {isa = PBXBuildFile; fileRef = E7F669341C9E1A3900A3C84D /* main.m */; };
		E7F669381C9E1A3900A3C84D /* AppDelegate.m in Sources */ = {isa = PBXBuildFile; fileRef = E7F669371C9E1A3900A3C84D /* AppDelegate.m */; };
		E7F6693B1C9E1A3900A3C84D /* ViewController.m in Sources */ = {isa = PBXBuildFile; fileRef = E7F6693A1C9E1A3900A3C84D /* ViewController.m */; };
		E7F6693E1C9E1A3900A3C84D /* Main.storyboard in Resources */ = {isa = PBXBuildFile; fileRef = E7F6693C1C9E1A3900A3C84D /* Main.storyboard */; };
		E7F669401C9E1A3900A3C84D /* Images.xcassets in Resources */ = {isa = PBXBuildFile; fileRef = E7F6693F1C9E1A3900A3C84D /* Images.xcassets */; };
		E7F669431C9E1A3900A3C84D /* LaunchScreen.xib in Resources */ = {isa = PBXBuildFile; fileRef = E7F669411C9E1A3900A3C84D /* LaunchScreen.xib */; };
		E7F6694F1C9E1A3900A3C84D /* task2Tests.m in Sources */ = {isa = PBXBuildFile; fileRef = E7F6694E1C9E1A3900A3C84D /* task2Tests.m */; };
/* End PBXBuildFile section */

/* Begin PBXContainerItemProxy section */
		E7F669491C9E1A3900A3C84D /* PBXContainerItemProxy */ = {
			isa = PBXContainerItemProxy;
			containerPortal = E7F669271C9E1A3900A3C84D /* Project object */;
			proxyType = 1;
			remoteGlobalIDString = E7F6692E1C9E1A3900A3C84D;
			remoteInfo = task2;
		};
/* End PBXContainerItemProxy section */

/* Begin PBXFileReference section */
		E740FA461C9E29FF00A605B7 /* Thirdviewcontroller.h */ = {isa = PBXFileReference; fileEncoding = 4; lastKnownFileType = sourcecode.c.h; path = Thirdviewcontroller.h; sourceTree = "<group>"; };
		E740FA471C9E29FF00A605B7 /* Thirdviewcontroller.m */ = {isa = PBXFileReference; fileEncoding = 4; lastKnownFileType = sourcecode.c.objc; path = Thirdviewcontroller.m; sourceTree = "<group>"; };
		E75847051C9E2254004B5704 /* MapKit.framework */ = {isa = PBXFileReference; lastKnownFileType = wrapper.framework; name = MapKit.framework; path = System/Library/Frameworks/MapKit.framework; sourceTree = SDKROOT; };
		E765674A1C9E1B6F00898CD7 /* NEWViewController.h */ = {isa = PBXFileReference; fileEncoding = 4; lastKnownFileType = sourcecode.c.h; path = NEWViewController.h; sourceTree = "<group>"; };
		E765674B1C9E1B6F00898CD7 /* NEWViewController.m */ = {isa = PBXFileReference; fileEncoding = 4; lastKnownFileType = sourcecode.c.objc; path = NEWViewController.m; sourceTree = "<group>"; };
		E7F6692F1C9E1A3900A3C84D /* task2.app */ = {isa = PBXFileReference; explicitFileType = wrapper.application; includeInIndex = 0; path = task2.app; sourceTree = BUILT_PRODUCTS_DIR; };
		E7F669331C9E1A3900A3C84D /* Info.plist */ = {isa = PBXFileReference; lastKnownFileType = text.plist.xml; path = Info.plist; sourceTree = "<group>"; };
		E7F669341C9E1A3900A3C84D /* main.m */ = {isa = PBXFileReference; lastKnownFileType = sourcecode.c.objc; path = main.m; sourceTree = "<group>"; };
		E7F669361C9E1A3900A3C84D /* AppDelegate.h */ = {isa = PBXFileReference; lastKnownFileType = sourcecode.c.h; path = AppDelegate.h; sourceTree = "<group>"; };
		E7F669371C9E1A3900A3C84D /* AppDelegate.m */ = {isa = PBXFileReference; lastKnownFileType = sourcecode.c.objc; path = AppDelegate.m; sourceTree = "<group>"; };
		E7F669391C9E1A3900A3C84D /* ViewController.h */ = {isa = PBXFileReference; lastKnownFileType = sourcecode.c.h; path = ViewController.h; sourceTree = "<group>"; };
		E7F6693A1C9E1A3900A3C84D /* ViewController.m */ = {isa = PBXFileReference; lastKnownFileType = sourcecode.c.objc; path = ViewController.m; sourceTree = "<group>"; };
		E7F6693D1C9E1A3900A3C84D /* Base */ = {isa = PBXFileReference; lastKnownFileType = file.storyboard; name = Base; path = Base.lproj/Main.storyboard; sourceTree = "<group>"; };
		E7F6693F1C9E1A3900A3C84D /* Images.xcassets */ = {isa = PBXFileReference; lastKnownFileType = folder.assetcatalog; path = Images.xcassets; sourceTree = "<group>"; };
		E7F669421C9E1A3900A3C84D /* Base */ = {isa = PBXFileReference; lastKnownFileType = file.xib; name = Base; path = Base.lproj/LaunchScreen.xib; sourceTree = "<group>"; };
		E7F669481C9E1A3900A3C84D /* task2Tests.xctest */ = {isa = PBXFileReference; explicitFileType = wrapper.cfbundle; includeInIndex = 0; path = task2Tests.xctest; sourceTree = BUILT_PRODUCTS_DIR; };
		E7F6694D1C9E1A3900A3C84D /* Info.plist */ = {isa = PBXFileReference; lastKnownFileType = text.plist.xml; path = Info.plist; sourceTree = "<group>"; };
		E7F6694E1C9E1A3900A3C84D /* task2Tests.m */ = {isa = PBXFileReference; lastKnownFileType = sourcecode.c.objc; path = task2Tests.m; sourceTree = "<group>"; };
/* End PBXFileReference section */

/* Begin PBXFrameworksBuildPhase section */
		E7F6692C1C9E1A3900A3C84D /* Frameworks */ = {
			isa = PBXFrameworksBuildPhase;
			buildActionMask = 2147483647;
			files = (
				E75847061C9E2254004B5704 /* MapKit.framework in Frameworks */,
			);
			runOnlyForDeploymentPostprocessing = 0;
		};
		E7F669451C9E1A3900A3C84D /* Frameworks */ = {
			isa = PBXFrameworksBuildPhase;
			buildActionMask = 2147483647;
			files = (
			);
			runOnlyForDeploymentPostprocessing = 0;
		};
/* End PBXFrameworksBuildPhase section */

/* Begin PBXGroup section */
		E7F669261C9E1A3900A3C84D = {
			isa = PBXGroup;
			children = (
				E740FA461C9E29FF00A605B7 /* Thirdviewcontroller.h */,
				E740FA471C9E29FF00A605B7 /* Thirdviewcontroller.m */,
				E75847051C9E2254004B5704 /* MapKit.framework */,
				E765674A1C9E1B6F00898CD7 /* NEWViewController.h */,
				E765674B1C9E1B6F00898CD7 /* NEWViewController.m */,
				E7F669311C9E1A3900A3C84D /* task2 */,
				E7F6694B1C9E1A3900A3C84D /* task2Tests */,
				E7F669301C9E1A3900A3C84D /* Products */,
			);
			sourceTree = "<group>";
		};
		E7F669301C9E1A3900A3C84D /* Products */ = {
			isa = PBXGroup;
			children = (
				E7F6692F1C9E1A3900A3C84D /* task2.app */,
				E7F669481C9E1A3900A3C84D /* task2Tests.xctest */,
			);
			name = Products;
			sourceTree = "<group>";
		};
		E7F669311C9E1A3900A3C84D /* task2 */ = {
			isa = PBXGroup;
			children = (
				E7F669361C9E1A3900A3C84D /* AppDelegate.h */,
				E7F669371C9E1A3900A3C84D /* AppDelegate.m */,
				E7F669391C9E1A3900A3C84D /* ViewController.h */,
				E7F6693A1C9E1A3900A3C84D /* ViewController.m */,
				E7F6693C1C9E1A3900A3C84D /* Main.storyboard */,
				E7F6693F1C9E1A3900A3C84D /* Images.xcassets */,
				E7F669411C9E1A3900A3C84D /* LaunchScreen.xib */,
				E7F669321C9E1A3900A3C84D /* Supporting Files */,
			);
			path = task2;
			sourceTree = "<group>";
		};
		E7F669321C9E1A3900A3C84D /* Supporting Files */ = {
			isa = PBXGroup;
			children = (
				E7F669331C9E1A3900A3C84D /* Info.plist */,
				E7F669341C9E1A3900A3C84D /* main.m */,
			);
			name = "Supporting Files";
			sourceTree = "<group>";
		};
		E7F6694B1C9E1A3900A3C84D /* task2Tests */ = {
			isa = PBXGroup;
			children = (
				E7F6694E1C9E1A3900A3C84D /* task2Tests.m */,
				E7F6694C1C9E1A3900A3C84D /* Supporting Files */,
			);
			path = task2Tests;
			sourceTree = "<group>";
		};
		E7F6694C1C9E1A3900A3C84D /* Supporting Files */ = {
			isa = PBXGroup;
			children = (
				E7F6694D1C9E1A3900A3C84D /* Info.plist */,
			);
			name = "Supporting Files";
			sourceTree = "<group>";
		};
/* End PBXGroup section */

/* Begin PBXNativeTarget section */
		E7F6692E1C9E1A3900A3C84D /* task2 */ = {
			isa = PBXNativeTarget;
			buildConfigurationList = E7F669521C9E1A3900A3C84D /* Build configuration list for PBXNativeTarget "task2" */;
			buildPhases = (
				E7F6692B1C9E1A3900A3C84D /* Sources */,
				E7F6692C1C9E1A3900A3C84D /* Frameworks */,
				E7F6692D1C9E1A3900A3C84D /* Resources */,
			);
			buildRules = (
			);
			dependencies = (
			);
			name = task2;
			productName = task2;
			productReference = E7F6692F1C9E1A3900A3C84D /* task2.app */;
			productType = "com.apple.product-type.application";
		};
		E7F669471C9E1A3900A3C84D /* task2Tests */ = {
			isa = PBXNativeTarget;
			buildConfigurationList = E7F669551C9E1A3900A3C84D /* Build configuration list for PBXNativeTarget "task2Tests" */;
			buildPhases = (
				E7F669441C9E1A3900A3C84D /* Sources */,
				E7F669451C9E1A3900A3C84D /* Frameworks */,
				E7F669461C9E1A3900A3C84D /* Resources */,
			);
			buildRules = (
			);
			dependencies = (
				E7F6694A1C9E1A3900A3C84D /* PBXTargetDependency */,
			);
			name = task2Tests;
			productName = task2Tests;
			productReference = E7F669481C9E1A3900A3C84D /* task2Tests.xctest */;
			productType = "com.apple.product-type.bundle.unit-test";
		};
/* End PBXNativeTarget section */

/* Begin PBXProject section */
		E7F669271C9E1A3900A3C84D /* Project object */ = {
			isa = PBXProject;
			attributes = {
				LastUpgradeCheck = 0610;
				ORGANIZATIONNAME = viewc;
				TargetAttributes = {
					E7F6692E1C9E1A3900A3C84D = {
						CreatedOnToolsVersion = 6.1;
					};
					E7F669471C9E1A3900A3C84D = {
						CreatedOnToolsVersion = 6.1;
						TestTargetID = E7F6692E1C9E1A3900A3C84D;
					};
				};
			};
			buildConfigurationList = E7F6692A1C9E1A3900A3C84D /* Build configuration list for PBXProject "task2" */;
			compatibilityVersion = "Xcode 3.2";
			developmentRegion = English;
			hasScannedForEncodings = 0;
			knownRegions = (
				en,
				Base,
			);
			mainGroup = E7F669261C9E1A3900A3C84D;
			productRefGroup = E7F669301C9E1A3900A3C84D /* Products */;
			projectDirPath = "";
			projectRoot = "";
			targets = (
				E7F6692E1C9E1A3900A3C84D /* task2 */,
				E7F669471C9E1A3900A3C84D /* task2Tests */,
			);
		};
/* End PBXProject section */

/* Begin PBXResourcesBuildPhase section */
		E7F6692D1C9E1A3900A3C84D /* Resources */ = {
			isa = PBXResourcesBuildPhase;
			buildActionMask = 2147483647;
			files = (
				E7F6693E1C9E1A3900A3C84D /* Main.storyboard in Resources */,
				E7F669431C9E1A3900A3C84D /* LaunchScreen.xib in Resources */,
				E7F669401C9E1A3900A3C84D /* Images.xcassets in Resources */,
			);
			runOnlyForDeploymentPostprocessing = 0;
		};
		E7F669461C9E1A3900A3C84D /* Resources */ = {
			isa = PBXResourcesBuildPhase;
			buildActionMask = 2147483647;
			files = (
			);
			runOnlyForDeploymentPostprocessing = 0;
		};
/* End PBXResourcesBuildPhase section */

/* Begin PBXSourcesBuildPhase section */
		E7F6692B1C9E1A3900A3C84D /* Sources */ = {
			isa = PBXSourcesBuildPhase;
			buildActionMask = 2147483647;
			files = (
				E7F6693B1C9E1A3900A3C84D /* ViewController.m in Sources */,
				E740FA481C9E29FF00A605B7 /* Thirdviewcontroller.m in Sources */,
				E7F669381C9E1A3900A3C84D /* AppDelegate.m in Sources */,
				E7F669351C9E1A3900A3C84D /* main.m in Sources */,
				E765674C1C9E1B6F00898CD7 /* NEWViewController.m in Sources */,
			);
			runOnlyForDeploymentPostprocessing = 0;
		};
		E7F669441C9E1A3900A3C84D /* Sources */ = {
			isa = PBXSourcesBuildPhase;
			buildActionMask = 2147483647;
			files = (
				E7F6694F1C9E1A3900A3C84D /* task2Tests.m in Sources */,
			);
			runOnlyForDeploymentPostprocessing = 0;
		};
/* End PBXSourcesBuildPhase section */

/* Begin PBXTargetDependency section */
		E7F6694A1C9E1A3900A3C84D /* PBXTargetDependency */ = {
			isa = PBXTargetDependency;
			target = E7F6692E1C9E1A3900A3C84D /* task2 */;
			targetProxy = E7F669491C9E1A3900A3C84D /* PBXContainerItemProxy */;
		};
/* End PBXTargetDependency section */

/* Begin PBXVariantGroup section */
		E7F6693C1C9E1A3900A3C84D /* Main.storyboard */ = {
			isa = PBXVariantGroup;
			children = (
				E7F6693D1C9E1A3900A3C84D /* Base */,
			);
			name = Main.storyboard;
			sourceTree = "<group>";
		};
		E7F669411C9E1A3900A3C84D /* LaunchScreen.xib */ = {
			isa = PBXVariantGroup;
			children = (
				E7F669421C9E1A3900A3C84D /* Base */,
			);
			name = LaunchScreen.xib;
			sourceTree = "<group>";
		};
/* End PBXVariantGroup section */

/* Begin XCBuildConfiguration section */
		E7F669501C9E1A3900A3C84D /* Debug */ = {
			isa = XCBuildConfiguration;
			buildSettings = {
				ALWAYS_SEARCH_USER_PATHS = NO;
				CLANG_CXX_LANGUAGE_STANDARD = "gnu++0x";
				CLANG_CXX_LIBRARY = "libc++";
				CLANG_ENABLE_MODULES = YES;
				CLANG_ENABLE_OBJC_ARC = YES;
				CLANG_WARN_BOOL_CONVERSION = YES;
				CLANG_WARN_CONSTANT_CONVERSION = YES;
				CLANG_WARN_DIRECT_OBJC_ISA_USAGE = YES_ERROR;
				CLANG_WARN_EMPTY_BODY = YES;
				CLANG_WARN_ENUM_CONVERSION = YES;
				CLANG_WARN_INT_CONVERSION = YES;
				CLANG_WARN_OBJC_ROOT_CLASS = YES_ERROR;
				CLANG_WARN_UNREACHABLE_CODE = YES;
				CLANG_WARN__DUPLICATE_METHOD_MATCH = YES;
				"CODE_SIGN_IDENTITY[sdk=iphoneos*]" = "iPhone Developer";
				COPY_PHASE_STRIP = NO;
				ENABLE_STRICT_OBJC_MSGSEND = YES;
				GCC_C_LANGUAGE_STANDARD = gnu99;
				GCC_DYNAMIC_NO_PIC = NO;
				GCC_OPTIMIZATION_LEVEL = 0;
				GCC_PREPROCESSOR_DEFINITIONS = (
					"DEBUG=1",
					"$(inherited)",
				);
				GCC_SYMBOLS_PRIVATE_EXTERN = NO;
				GCC_WARN_64_TO_32_BIT_CONVERSION = YES;
				GCC_WARN_ABOUT_RETURN_TYPE = YES_ERROR;
				GCC_WARN_UNDECLARED_SELECTOR = YES;
				GCC_WARN_UNINITIALIZED_AUTOS = YES_AGGRESSIVE;
				GCC_WARN_UNUSED_FUNCTION = YES;
				GCC_WARN_UNUSED_VARIABLE = YES;
				IPHONEOS_DEPLOYMENT_TARGET = 8.1;
				MTL_ENABLE_DEBUG_INFO = YES;
				ONLY_ACTIVE_ARCH = YES;
				SDKROOT = iphoneos;
			};
			name = Debug;
		};
		E7F669511C9E1A3900A3C84D /* Release */ = {
			isa = XCBuildConfiguration;
			buildSettings = {
				ALWAYS_SEARCH_USER_PATHS = NO;
				CLANG_CXX_LANGUAGE_STANDARD = "gnu++0x";
				CLANG_CXX_LIBRARY = "libc++";
				CLANG_ENABLE_MODULES = YES;
				CLANG_ENABLE_OBJC_ARC = YES;
				CLANG_WARN_BOOL_CONVERSION = YES;
				CLANG_WARN_CONSTANT_CONVERSION = YES;
				CLANG_WARN_DIRECT_OBJC_ISA_USAGE = YES_ERROR;
				CLANG_WARN_EMPTY_BODY = YES;
				CLANG_WARN_ENUM_CONVERSION = YES;
				CLANG_WARN_INT_CONVERSION = YES;
				CLANG_WARN_OBJC_ROOT_CLASS = YES_ERROR;
				CLANG_WARN_UNREACHABLE_CODE = YES;
				CLANG_WARN__DUPLICATE_METHOD_MATCH = YES;
				"CODE_SIGN_IDENTITY[sdk=iphoneos*]" = "iPhone Developer";
				COPY_PHASE_STRIP = YES;
				ENABLE_NS_ASSERTIONS = NO;
				ENABLE_STRICT_OBJC_MSGSEND = YES;
				GCC_C_LANGUAGE_STANDARD = gnu99;
				GCC_WARN_64_TO_32_BIT_CONVERSION = YES;
				GCC_WARN_ABOUT_RETURN_TYPE = YES_ERROR;
				GCC_WARN_UNDECLARED_SELECTOR = YES;
				GCC_WARN_UNINITIALIZED_AUTOS = YES_AGGRESSIVE;
				GCC_WARN_UNUSED_FUNCTION = YES;
				GCC_WARN_UNUSED_VARIABLE = YES;
				IPHONEOS_DEPLOYMENT_TARGET = 8.1;
				MTL_ENABLE_DEBUG_INFO = NO;
				SDKROOT = iphoneos;
				VALIDATE_PRODUCT = YES;
			};
			name = Release;
		};
		E7F669531C9E1A3900A3C84D /* Debug */ = {
			isa = XCBuildConfiguration;
			buildSettings = {
				ASSETCATALOG_COMPILER_APPICON_NAME = AppIcon;
				INFOPLIST_FILE = task2/Info.plist;
				LD_RUNPATH_SEARCH_PATHS = "$(inherited) @executable_path/Frameworks";
				PRODUCT_NAME = "$(TARGET_NAME)";
			};
			name = Debug;
		};
		E7F669541C9E1A3900A3C84D /* Release */ = {
			isa = XCBuildConfiguration;
			buildSettings = {
				ASSETCATALOG_COMPILER_APPICON_NAME = AppIcon;
				INFOPLIST_FILE = task2/Info.plist;
				LD_RUNPATH_SEARCH_PATHS = "$(inherited) @executable_path/Frameworks";
				PRODUCT_NAME = "$(TARGET_NAME)";
			};
			name = Release;
		};
		E7F669561C9E1A3900A3C84D /* Debug */ = {
			isa = XCBuildConfiguration;
			buildSettings = {
				BUNDLE_LOADER = "$(TEST_HOST)";
				FRAMEWORK_SEARCH_PATHS = (
					"$(SDKROOT)/Developer/Library/Frameworks",
					"$(inherited)",
				);
				GCC_PREPROCESSOR_DEFINITIONS = (
					"DEBUG=1",
					"$(inherited)",
				);
				INFOPLIST_FILE = task2Tests/Info.plist;
				LD_RUNPATH_SEARCH_PATHS = "$(inherited) @executable_path/Frameworks @loader_path/Frameworks";
				PRODUCT_NAME = "$(TARGET_NAME)";
				TEST_HOST = "$(BUILT_PRODUCTS_DIR)/task2.app/task2";
			};
			name = Debug;
		};
		E7F669571C9E1A3900A3C84D /* Release */ = {
			isa = XCBuildConfiguration;
			buildSettings = {
				BUNDLE_LOADER = "$(TEST_HOST)";
				FRAMEWORK_SEARCH_PATHS = (
					"$(SDKROOT)/Developer/Library/Frameworks",
					"$(inherited)",
				);
				INFOPLIST_FILE = task2Tests/Info.plist;
				LD_RUNPATH_SEARCH_PATHS = "$(inherited) @executable_path/Frameworks @loader_path/Frameworks";
				PRODUCT_NAME = "$(TARGET_NAME)";
				TEST_HOST = "$(BUILT_PRODUCTS_DIR)/task2.app/task2";
			};
			name = Release;
		};
/* End XCBuildConfiguration section */

/* Begin XCConfigurationList section */
		E7F6692A1C9E1A3900A3C84D /* Build configuration list for PBXProject "task2" */ = {
			isa = XCConfigurationList;
			buildConfigurations = (
				E7F669501C9E1A3900A3C84D /* Debug */,
				E7F669511C9E1A3900A3C84D /* Release */,
			);
			defaultConfigurationIsVisible = 0;
			defaultConfigurationName = Release;
		};
		E7F669521C9E1A3900A3C84D /* Build configuration list for PBXNativeTarget "task2" */ = {
			isa = XCConfigurationList;
			buildConfigurations = (
				E7F669531C9E1A3900A3C84D /* Debug */,
				E7F669541C9E1A3900A3C84D /* Release */,
			);
			defaultConfigurationIsVisible = 0;
			defaultConfigurationName = Release;
		};
		E7F669551C9E1A3900A3C84D /* Build configuration list for PBXNativeTarget "task2Tests" */ = {
			isa = XCConfigurationList;
			buildConfigurations = (
				E7F669561C9E1A3900A3C84D /* Debug */,
				E7F669571C9E1A3900A3C84D /* Release */,
			);
			defaultConfigurationIsVisible = 0;
			defaultConfigurationName = Release;
		};
/* End XCConfigurationList section */
	};
	rootObject = E7F669271C9E1A3900A3C84D /* Project object */;
}
